
Microsoft Visual Studio Solution File, Format Version 12.00
# Visual Studio 15
VisualStudioVersion = 15.0.27428.2005
MinimumVisualStudioVersion = 10.0.40219.1
Project("{8BC9CEB8-8B4A-11D0-8D11-00A0C91BC942}") = "guest_book", "guest_book\guest_book.vcxproj", "{CFA73A4D-19DE-4AE3-B7A7-7F1341B3A851}"
EndProject
Global
	GlobalSection(SolutionConfigurationPlatforms) = preSolution
		Debug|x64 = Debug|x64
		Debug|x86 = Debug|x86
		Release|x64 = Release|x64
		Release|x86 = Release|x86
	EndGlobalSection
	GlobalSection(ProjectConfigurationPlatforms) = postSolution
		{CFA73A4D-19DE-4AE3-B7A7-7F1341B3A851}.Debug|x64.ActiveCfg = Debug|x64
		{CFA73A4D-19DE-4AE3-B7A7-7F1341B3A851}.Debug|x64.Build.0 = Debug|x64
		{CFA73A4D-19DE-4AE3-B7A7-7F1341B3A851}.Debug|x86.ActiveCfg = Debug|Win32
		{CFA73A4D-19DE-4AE3-B7A7-7F1341B3A851}.Debug|x86.Build.0 = Debug|Win32
		{CFA73A4D-19DE-4AE3-B7A7-7F1341B3A851}.Release|x64.ActiveCfg = Release|x64
		{CFA73A4D-19DE-4AE3-B7A7-7F1341B3A851}.Release|x64.Build.0 = Release|x64
		{CFA73A4D-19DE-4AE3-B7A7-7F1341B3A851}.Release|x86.ActiveCfg = Release|Win32
		{CFA73A4D-19DE-4AE3-B7A7-7F1341B3A851}.Release|x86.Build.0 = Release|Win32
	EndGlobalSection
	GlobalSection(SolutionProperties) = preSolution
		HideSolutionNode = FALSE
	EndGlobalSection
	GlobalSection(ExtensibilityGlobals) = postSolution
		SolutionGuid = {C2FE752E-C888-4C7B-A807-E3F4A256553E}
	EndGlobalSection
EndGlobal
