
Microsoft Visual Studio Solution File, Format Version 12.00
# Visual Studio 15
VisualStudioVersion = 15.0.27428.2005
MinimumVisualStudioVersion = 10.0.40219.1
Project("{8BC9CEB8-8B4A-11D0-8D11-00A0C91BC942}") = "sort_array", "sort_array\sort_array.vcxproj", "{DEC16DA7-BC7B-474D-BD64-66322C0008DC}"
EndProject
Global
	GlobalSection(SolutionConfigurationPlatforms) = preSolution
		Debug|x64 = Debug|x64
		Debug|x86 = Debug|x86
		Release|x64 = Release|x64
		Release|x86 = Release|x86
	EndGlobalSection
	GlobalSection(ProjectConfigurationPlatforms) = postSolution
		{DEC16DA7-BC7B-474D-BD64-66322C0008DC}.Debug|x64.ActiveCfg = Debug|x64
		{DEC16DA7-BC7B-474D-BD64-66322C0008DC}.Debug|x64.Build.0 = Debug|x64
		{DEC16DA7-BC7B-474D-BD64-66322C0008DC}.Debug|x86.ActiveCfg = Debug|Win32
		{DEC16DA7-BC7B-474D-BD64-66322C0008DC}.Debug|x86.Build.0 = Debug|Win32
		{DEC16DA7-BC7B-474D-BD64-66322C0008DC}.Release|x64.ActiveCfg = Release|x64
		{DEC16DA7-BC7B-474D-BD64-66322C0008DC}.Release|x64.Build.0 = Release|x64
		{DEC16DA7-BC7B-474D-BD64-66322C0008DC}.Release|x86.ActiveCfg = Release|Win32
		{DEC16DA7-BC7B-474D-BD64-66322C0008DC}.Release|x86.Build.0 = Release|Win32
	EndGlobalSection
	GlobalSection(SolutionProperties) = preSolution
		HideSolutionNode = FALSE
	EndGlobalSection
	GlobalSection(ExtensibilityGlobals) = postSolution
		SolutionGuid = {D2E29592-68F4-48CD-8A48-9D8E45501417}
	EndGlobalSection
EndGlobal
