
Microsoft Visual Studio Solution File, Format Version 12.00
# Visual Studio 15
VisualStudioVersion = 15.0.28010.2046
MinimumVisualStudioVersion = 10.0.40219.1
Project("{8BC9CEB8-8B4A-11D0-8D11-00A0C91BC942}") = "ch01_test", "ch01_test\ch01_test.vcxproj", "{15991EF6-B5EC-41DB-8DEB-B725A9D31227}"
EndProject
Global
	GlobalSection(SolutionConfigurationPlatforms) = preSolution
		Debug|x64 = Debug|x64
		Debug|x86 = Debug|x86
		Release|x64 = Release|x64
		Release|x86 = Release|x86
	EndGlobalSection
	GlobalSection(ProjectConfigurationPlatforms) = postSolution
		{15991EF6-B5EC-41DB-8DEB-B725A9D31227}.Debug|x64.ActiveCfg = Debug|x64
		{15991EF6-B5EC-41DB-8DEB-B725A9D31227}.Debug|x64.Build.0 = Debug|x64
		{15991EF6-B5EC-41DB-8DEB-B725A9D31227}.Debug|x86.ActiveCfg = Debug|Win32
		{15991EF6-B5EC-41DB-8DEB-B725A9D31227}.Debug|x86.Build.0 = Debug|Win32
		{15991EF6-B5EC-41DB-8DEB-B725A9D31227}.Release|x64.ActiveCfg = Release|x64
		{15991EF6-B5EC-41DB-8DEB-B725A9D31227}.Release|x64.Build.0 = Release|x64
		{15991EF6-B5EC-41DB-8DEB-B725A9D31227}.Release|x86.ActiveCfg = Release|Win32
		{15991EF6-B5EC-41DB-8DEB-B725A9D31227}.Release|x86.Build.0 = Release|Win32
	EndGlobalSection
	GlobalSection(SolutionProperties) = preSolution
		HideSolutionNode = FALSE
	EndGlobalSection
	GlobalSection(ExtensibilityGlobals) = postSolution
		SolutionGuid = {0374B3E0-A0AE-4211-B29D-5E4221841659}
	EndGlobalSection
EndGlobal
