
Microsoft Visual Studio Solution File, Format Version 12.00
# Visual Studio 15
VisualStudioVersion = 15.0.27428.2005
MinimumVisualStudioVersion = 10.0.40219.1
Project("{8BC9CEB8-8B4A-11D0-8D11-00A0C91BC942}") = "linear_search", "linear_search\linear_search.vcxproj", "{CC9F9408-7217-4873-A4BA-4AFB186ACEFF}"
EndProject
Global
	GlobalSection(SolutionConfigurationPlatforms) = preSolution
		Debug|x64 = Debug|x64
		Debug|x86 = Debug|x86
		Release|x64 = Release|x64
		Release|x86 = Release|x86
	EndGlobalSection
	GlobalSection(ProjectConfigurationPlatforms) = postSolution
		{CC9F9408-7217-4873-A4BA-4AFB186ACEFF}.Debug|x64.ActiveCfg = Debug|x64
		{CC9F9408-7217-4873-A4BA-4AFB186ACEFF}.Debug|x64.Build.0 = Debug|x64
		{CC9F9408-7217-4873-A4BA-4AFB186ACEFF}.Debug|x86.ActiveCfg = Debug|Win32
		{CC9F9408-7217-4873-A4BA-4AFB186ACEFF}.Debug|x86.Build.0 = Debug|Win32
		{CC9F9408-7217-4873-A4BA-4AFB186ACEFF}.Release|x64.ActiveCfg = Release|x64
		{CC9F9408-7217-4873-A4BA-4AFB186ACEFF}.Release|x64.Build.0 = Release|x64
		{CC9F9408-7217-4873-A4BA-4AFB186ACEFF}.Release|x86.ActiveCfg = Release|Win32
		{CC9F9408-7217-4873-A4BA-4AFB186ACEFF}.Release|x86.Build.0 = Release|Win32
	EndGlobalSection
	GlobalSection(SolutionProperties) = preSolution
		HideSolutionNode = FALSE
	EndGlobalSection
	GlobalSection(ExtensibilityGlobals) = postSolution
		SolutionGuid = {C0BFFF77-8EBD-483F-A505-0F5A3C8A9D9A}
	EndGlobalSection
EndGlobal
